// !$*UTF8*$!
{
	archiveVersion = 1;
	classes = {
	};
	objectVersion = 50;
	objects = {

/* Begin PBXBuildFile section */
		2199F2732055CFBF008CE148 /* AppDelegate.swift in Sources */ = {isa = PBXBuildFile; fileRef = 2199F2722055CFBF008CE148 /* AppDelegate.swift */; };
		2199F2752055CFBF008CE148 /* ViewController.swift in Sources */ = {isa = PBXBuildFile; fileRef = 2199F2742055CFBF008CE148 /* ViewController.swift */; };
		2199F2782055CFBF008CE148 /* Main.storyboard in Resources */ = {isa = PBXBuildFile; fileRef = 2199F2762055CFBF008CE148 /* Main.storyboard */; };
		2199F27B2055CFBF008CE148 /* myEat.xcdatamodeld in Sources */ = {isa = PBXBuildFile; fileRef = 2199F2792055CFBF008CE148 /* myEat.xcdatamodeld */; };
		2199F27D2055CFC1008CE148 /* Assets.xcassets in Resources */ = {isa = PBXBuildFile; fileRef = 2199F27C2055CFC1008CE148 /* Assets.xcassets */; };
		2199F2802055CFC1008CE148 /* LaunchScreen.storyboard in Resources */ = {isa = PBXBuildFile; fileRef = 2199F27E2055CFC1008CE148 /* LaunchScreen.storyboard */; };
		2199F28C2055D123008CE148 /* TabBarControllerViewController.swift in Sources */ = {isa = PBXBuildFile; fileRef = 2199F28B2055D123008CE148 /* TabBarControllerViewController.swift */; };
/* End PBXBuildFile section */

/* Begin PBXFileReference section */
		2199F26F2055CFBF008CE148 /* myEat.app */ = {isa = PBXFileReference; explicitFileType = wrapper.application; includeInIndex = 0; path = myEat.app; sourceTree = BUILT_PRODUCTS_DIR; };
		2199F2722055CFBF008CE148 /* AppDelegate.swift */ = {isa = PBXFileReference; lastKnownFileType = sourcecode.swift; path = AppDelegate.swift; sourceTree = "<group>"; };
		2199F2742055CFBF008CE148 /* ViewController.swift */ = {isa = PBXFileReference; lastKnownFileType = sourcecode.swift; path = ViewController.swift; sourceTree = "<group>"; };
		2199F2772055CFBF008CE148 /* Base */ = {isa = PBXFileReference; lastKnownFileType = file.storyboard; name = Base; path = Base.lproj/Main.storyboard; sourceTree = "<group>"; };
		2199F27A2055CFBF008CE148 /* myEat.xcdatamodel */ = {isa = PBXFileReference; lastKnownFileType = wrapper.xcdatamodel; path = myEat.xcdatamodel; sourceTree = "<group>"; };
		2199F27C2055CFC1008CE148 /* Assets.xcassets */ = {isa = PBXFileReference; lastKnownFileType = folder.assetcatalog; path = Assets.xcassets; sourceTree = "<group>"; };
		2199F27F2055CFC1008CE148 /* Base */ = {isa = PBXFileReference; lastKnownFileType = file.storyboard; name = Base; path = Base.lproj/LaunchScreen.storyboard; sourceTree = "<group>"; };
		2199F2812055CFC1008CE148 /* Info.plist */ = {isa = PBXFileReference; lastKnownFileType = text.plist.xml; path = Info.plist; sourceTree = "<group>"; };
		2199F28B2055D123008CE148 /* TabBarControllerViewController.swift */ = {isa = PBXFileReference; lastKnownFileType = sourcecode.swift; path = TabBarControllerViewController.swift; sourceTree = "<group>"; };
/* End PBXFileReference section */

/* Begin PBXFrameworksBuildPhase section */
		2199F26C2055CFBF008CE148 /* Frameworks */ = {
			isa = PBXFrameworksBuildPhase;
			buildActionMask = 2147483647;
			files = (
			);
			runOnlyForDeploymentPostprocessing = 0;
		};
/* End PBXFrameworksBuildPhase section */

/* Begin PBXGroup section */
		2199F2662055CFBF008CE148 = {
			isa = PBXGroup;
			children = (
				2199F2712055CFBF008CE148 /* myEat */,
				2199F2702055CFBF008CE148 /* Products */,
			);
			sourceTree = "<group>";
		};
		2199F2702055CFBF008CE148 /* Products */ = {
			isa = PBXGroup;
			children = (
				2199F26F2055CFBF008CE148 /* myEat.app */,
			);
			name = Products;
			sourceTree = "<group>";
		};
		2199F2712055CFBF008CE148 /* myEat */ = {
			isa = PBXGroup;
			children = (
				2199F2722055CFBF008CE148 /* AppDelegate.swift */,
				2199F2882055CFED008CE148 /* Controller */,
				2199F2872055CFE1008CE148 /* View */,
				2199F2892055CFF9008CE148 /* Model */,
				2199F28A2055D009008CE148 /* Support */,
			);
			path = myEat;
			sourceTree = "<group>";
		};
		2199F2872055CFE1008CE148 /* View */ = {
			isa = PBXGroup;
			children = (
				2199F27E2055CFC1008CE148 /* LaunchScreen.storyboard */,
				2199F2762055CFBF008CE148 /* Main.storyboard */,
			);
			path = View;
			sourceTree = "<group>";
		};
		2199F2882055CFED008CE148 /* Controller */ = {
			isa = PBXGroup;
			children = (
				2199F2742055CFBF008CE148 /* ViewController.swift */,
				2199F28B2055D123008CE148 /* TabBarControllerViewController.swift */,
			);
			path = Controller;
			sourceTree = "<group>";
		};
		2199F2892055CFF9008CE148 /* Model */ = {
			isa = PBXGroup;
			children = (
				2199F2792055CFBF008CE148 /* myEat.xcdatamodeld */,
			);
			path = Model;
			sourceTree = "<group>";
		};
		2199F28A2055D009008CE148 /* Support */ = {
			isa = PBXGroup;
			children = (
				2199F2812055CFC1008CE148 /* Info.plist */,
				2199F27C2055CFC1008CE148 /* Assets.xcassets */,
			);
			path = Support;
			sourceTree = "<group>";
		};
/* End PBXGroup section */

/* Begin PBXNativeTarget section */
		2199F26E2055CFBF008CE148 /* myEat */ = {
			isa = PBXNativeTarget;
			buildConfigurationList = 2199F2842055CFC1008CE148 /* Build configuration list for PBXNativeTarget "myEat" */;
			buildPhases = (
				2199F26B2055CFBF008CE148 /* Sources */,
				2199F26C2055CFBF008CE148 /* Frameworks */,
				2199F26D2055CFBF008CE148 /* Resources */,
			);
			buildRules = (
			);
			dependencies = (
			);
			name = myEat;
			productName = myEat;
			productReference = 2199F26F2055CFBF008CE148 /* myEat.app */;
			productType = "com.apple.product-type.application";
		};
/* End PBXNativeTarget section */

/* Begin PBXProject section */
		2199F2672055CFBF008CE148 /* Project object */ = {
			isa = PBXProject;
			attributes = {
				LastSwiftUpdateCheck = 0930;
				LastUpgradeCheck = 0930;
				ORGANIZATIONNAME = "Domenico D'Angelo";
				TargetAttributes = {
					2199F26E2055CFBF008CE148 = {
						CreatedOnToolsVersion = 9.3;
					};
				};
			};
			buildConfigurationList = 2199F26A2055CFBF008CE148 /* Build configuration list for PBXProject "myEat" */;
			compatibilityVersion = "Xcode 9.3";
			developmentRegion = en;
			hasScannedForEncodings = 0;
			knownRegions = (
				en,
				Base,
			);
			mainGroup = 2199F2662055CFBF008CE148;
			productRefGroup = 2199F2702055CFBF008CE148 /* Products */;
			projectDirPath = "";
			projectRoot = "";
			targets = (
				2199F26E2055CFBF008CE148 /* myEat */,
			);
		};
/* End PBXProject section */

/* Begin PBXResourcesBuildPhase section */
		2199F26D2055CFBF008CE148 /* Resources */ = {
			isa = PBXResourcesBuildPhase;
			buildActionMask = 2147483647;
			files = (
				2199F2802055CFC1008CE148 /* LaunchScreen.storyboard in Resources */,
				2199F27D2055CFC1008CE148 /* Assets.xcassets in Resources */,
				2199F2782055CFBF008CE148 /* Main.storyboard in Resources */,
			);
			runOnlyForDeploymentPostprocessing = 0;
		};
/* End PBXResourcesBuildPhase section */

/* Begin PBXSourcesBuildPhase section */
		2199F26B2055CFBF008CE148 /* Sources */ = {
			isa = PBXSourcesBuildPhase;
			buildActionMask = 2147483647;
			files = (
				2199F2752055CFBF008CE148 /* ViewController.swift in Sources */,
				2199F2732055CFBF008CE148 /* AppDelegate.swift in Sources */,
				2199F28C2055D123008CE148 /* TabBarControllerViewController.swift in Sources */,
				2199F27B2055CFBF008CE148 /* myEat.xcdatamodeld in Sources */,
			);
			runOnlyForDeploymentPostprocessing = 0;
		};
/* End PBXSourcesBuildPhase section */

/* Begin PBXVariantGroup section */
		2199F2762055CFBF008CE148 /* Main.storyboard */ = {
			isa = PBXVariantGroup;
			children = (
				2199F2772055CFBF008CE148 /* Base */,
			);
			name = Main.storyboard;
			sourceTree = "<group>";
		};
		2199F27E2055CFC1008CE148 /* LaunchScreen.storyboard */ = {
			isa = PBXVariantGroup;
			children = (
				2199F27F2055CFC1008CE148 /* Base */,
			);
			name = LaunchScreen.storyboard;
			sourceTree = "<group>";
		};
/* End PBXVariantGroup section */

/* Begin XCBuildConfiguration section */
		2199F2822055CFC1008CE148 /* Debug */ = {
			isa = XCBuildConfiguration;
			buildSettings = {
				ALWAYS_SEARCH_USER_PATHS = NO;
				CLANG_ANALYZER_NONNULL = YES;
				CLANG_ANALYZER_NUMBER_OBJECT_CONVERSION = YES_AGGRESSIVE;
				CLANG_CXX_LANGUAGE_STANDARD = "gnu++14";
				CLANG_CXX_LIBRARY = "libc++";
				CLANG_ENABLE_MODULES = YES;
				CLANG_ENABLE_OBJC_ARC = YES;
				CLANG_ENABLE_OBJC_WEAK = YES;
				CLANG_WARN_BLOCK_CAPTURE_AUTORELEASING = YES;
				CLANG_WARN_BOOL_CONVERSION = YES;
				CLANG_WARN_COMMA = YES;
				CLANG_WARN_CONSTANT_CONVERSION = YES;
				CLANG_WARN_DEPRECATED_OBJC_IMPLEMENTATIONS = YES;
				CLANG_WARN_DIRECT_OBJC_ISA_USAGE = YES_ERROR;
				CLANG_WARN_DOCUMENTATION_COMMENTS = YES;
				CLANG_WARN_EMPTY_BODY = YES;
				CLANG_WARN_ENUM_CONVERSION = YES;
				CLANG_WARN_INFINITE_RECURSION = YES;
				CLANG_WARN_INT_CONVERSION = YES;
				CLANG_WARN_NON_LITERAL_NULL_CONVERSION = YES;
				CLANG_WARN_OBJC_IMPLICIT_RETAIN_SELF = YES;
				CLANG_WARN_OBJC_LITERAL_CONVERSION = YES;
				CLANG_WARN_OBJC_ROOT_CLASS = YES_ERROR;
				CLANG_WARN_RANGE_LOOP_ANALYSIS = YES;
				CLANG_WARN_STRICT_PROTOTYPES = YES;
				CLANG_WARN_SUSPICIOUS_MOVE = YES;
				CLANG_WARN_UNGUARDED_AVAILABILITY = YES_AGGRESSIVE;
				CLANG_WARN_UNREACHABLE_CODE = YES;
				CLANG_WARN__DUPLICATE_METHOD_MATCH = YES;
				CODE_SIGN_IDENTITY = "iPhone Developer";
				COPY_PHASE_STRIP = NO;
				DEBUG_INFORMATION_FORMAT = dwarf;
				ENABLE_STRICT_OBJC_MSGSEND = YES;
				ENABLE_TESTABILITY = YES;
				GCC_C_LANGUAGE_STANDARD = gnu11;
				GCC_DYNAMIC_NO_PIC = NO;
				GCC_NO_COMMON_BLOCKS = YES;
				GCC_OPTIMIZATION_LEVEL = 0;
				GCC_PREPROCESSOR_DEFINITIONS = (
					"DEBUG=1",
					"$(inherited)",
				);
				GCC_WARN_64_TO_32_BIT_CONVERSION = YES;
				GCC_WARN_ABOUT_RETURN_TYPE = YES_ERROR;
				GCC_WARN_UNDECLARED_SELECTOR = YES;
				GCC_WARN_UNINITIALIZED_AUTOS = YES_AGGRESSIVE;
				GCC_WARN_UNUSED_FUNCTION = YES;
				GCC_WARN_UNUSED_VARIABLE = YES;
				IPHONEOS_DEPLOYMENT_TARGET = 11.3;
				MTL_ENABLE_DEBUG_INFO = YES;
				ONLY_ACTIVE_ARCH = YES;
				SDKROOT = iphoneos;
				SWIFT_ACTIVE_COMPILATION_CONDITIONS = DEBUG;
				SWIFT_OPTIMIZATION_LEVEL = "-Onone";
			};
			name = Debug;
		};
		2199F2832055CFC1008CE148 /* Release */ = {
			isa = XCBuildConfiguration;
			buildSettings = {
				ALWAYS_SEARCH_USER_PATHS = NO;
				CLANG_ANALYZER_NONNULL = YES;
				CLANG_ANALYZER_NUMBER_OBJECT_CONVERSION = YES_AGGRESSIVE;
				CLANG_CXX_LANGUAGE_STANDARD = "gnu++14";
				CLANG_CXX_LIBRARY = "libc++";
				CLANG_ENABLE_MODULES = YES;
				CLANG_ENABLE_OBJC_ARC = YES;
				CLANG_ENABLE_OBJC_WEAK = YES;
				CLANG_WARN_BLOCK_CAPTURE_AUTORELEASING = YES;
				CLANG_WARN_BOOL_CONVERSION = YES;
				CLANG_WARN_COMMA = YES;
				CLANG_WARN_CONSTANT_CONVERSION = YES;
				CLANG_WARN_DEPRECATED_OBJC_IMPLEMENTATIONS = YES;
				CLANG_WARN_DIRECT_OBJC_ISA_USAGE = YES_ERROR;
				CLANG_WARN_DOCUMENTATION_COMMENTS = YES;
				CLANG_WARN_EMPTY_BODY = YES;
				CLANG_WARN_ENUM_CONVERSION = YES;
				CLANG_WARN_INFINITE_RECURSION = YES;
				CLANG_WARN_INT_CONVERSION = YES;
				CLANG_WARN_NON_LITERAL_NULL_CONVERSION = YES;
				CLANG_WARN_OBJC_IMPLICIT_RETAIN_SELF = YES;
				CLANG_WARN_OBJC_LITERAL_CONVERSION = YES;
				CLANG_WARN_OBJC_ROOT_CLASS = YES_ERROR;
				CLANG_WARN_RANGE_LOOP_ANALYSIS = YES;
				CLANG_WARN_STRICT_PROTOTYPES = YES;
				CLANG_WARN_SUSPICIOUS_MOVE = YES;
				CLANG_WARN_UNGUARDED_AVAILABILITY = YES_AGGRESSIVE;
				CLANG_WARN_UNREACHABLE_CODE = YES;
				CLANG_WARN__DUPLICATE_METHOD_MATCH = YES;
				CODE_SIGN_IDENTITY = "iPhone Developer";
				COPY_PHASE_STRIP = NO;
				DEBUG_INFORMATION_FORMAT = "dwarf-with-dsym";
				ENABLE_NS_ASSERTIONS = NO;
				ENABLE_STRICT_OBJC_MSGSEND = YES;
				GCC_C_LANGUAGE_STANDARD = gnu11;
				GCC_NO_COMMON_BLOCKS = YES;
				GCC_WARN_64_TO_32_BIT_CONVERSION = YES;
				GCC_WARN_ABOUT_RETURN_TYPE = YES_ERROR;
				GCC_WARN_UNDECLARED_SELECTOR = YES;
				GCC_WARN_UNINITIALIZED_AUTOS = YES_AGGRESSIVE;
				GCC_WARN_UNUSED_FUNCTION = YES;
				GCC_WARN_UNUSED_VARIABLE = YES;
				IPHONEOS_DEPLOYMENT_TARGET = 11.3;
				MTL_ENABLE_DEBUG_INFO = NO;
				SDKROOT = iphoneos;
				SWIFT_COMPILATION_MODE = wholemodule;
				SWIFT_OPTIMIZATION_LEVEL = "-O";
				VALIDATE_PRODUCT = YES;
			};
			name = Release;
		};
		2199F2852055CFC1008CE148 /* Debug */ = {
			isa = XCBuildConfiguration;
			buildSettings = {
				ASSETCATALOG_COMPILER_APPICON_NAME = AppIcon;
				CODE_SIGN_STYLE = Automatic;
				DEVELOPMENT_TEAM = 4CR9RCGA8F;
				INFOPLIST_FILE = myEat/Info.plist;
				LD_RUNPATH_SEARCH_PATHS = (
					"$(inherited)",
					"@executable_path/Frameworks",
				);
				PRODUCT_BUNDLE_IDENTIFIER = com.DomenicoDangelo.myEat;
				PRODUCT_NAME = "$(TARGET_NAME)";
				SWIFT_VERSION = 4.0;
				TARGETED_DEVICE_FAMILY = 1;
			};
			name = Debug;
		};
		2199F2862055CFC1008CE148 /* Release */ = {
			isa = XCBuildConfiguration;
			buildSettings = {
				ASSETCATALOG_COMPILER_APPICON_NAME = AppIcon;
				CODE_SIGN_STYLE = Automatic;
				DEVELOPMENT_TEAM = 4CR9RCGA8F;
				INFOPLIST_FILE = myEat/Info.plist;
				LD_RUNPATH_SEARCH_PATHS = (
					"$(inherited)",
					"@executable_path/Frameworks",
				);
				PRODUCT_BUNDLE_IDENTIFIER = com.DomenicoDangelo.myEat;
				PRODUCT_NAME = "$(TARGET_NAME)";
				SWIFT_VERSION = 4.0;
				TARGETED_DEVICE_FAMILY = 1;
			};
			name = Release;
		};
/* End XCBuildConfiguration section */

/* Begin XCConfigurationList section */
		2199F26A2055CFBF008CE148 /* Build configuration list for PBXProject "myEat" */ = {
			isa = XCConfigurationList;
			buildConfigurations = (
				2199F2822055CFC1008CE148 /* Debug */,
				2199F2832055CFC1008CE148 /* Release */,
			);
			defaultConfigurationIsVisible = 0;
			defaultConfigurationName = Release;
		};
		2199F2842055CFC1008CE148 /* Build configuration list for PBXNativeTarget "myEat" */ = {
			isa = XCConfigurationList;
			buildConfigurations = (
				2199F2852055CFC1008CE148 /* Debug */,
				2199F2862055CFC1008CE148 /* Release */,
			);
			defaultConfigurationIsVisible = 0;
			defaultConfigurationName = Release;
		};
/* End XCConfigurationList section */

/* Begin XCVersionGroup section */
		2199F2792055CFBF008CE148 /* myEat.xcdatamodeld */ = {
			isa = XCVersionGroup;
			children = (
				2199F27A2055CFBF008CE148 /* myEat.xcdatamodel */,
			);
			currentVersion = 2199F27A2055CFBF008CE148 /* myEat.xcdatamodel */;
			path = myEat.xcdatamodeld;
			sourceTree = "<group>";
			versionGroupType = wrapper.xcdatamodel;
		};
/* End XCVersionGroup section */
	};
	rootObject = 2199F2672055CFBF008CE148 /* Project object */;
}
